// !$*UTF8*$!
{
	archiveVersion = 1;
	classes = {
	};
	objectVersion = 56;
	objects = {

/* Begin PBXBuildFile section */
		BC2DF05C2B7415FE00FEBA46 /* WeatherAppApp.swift in Sources */ = {isa = PBXBuildFile; fileRef = BC2DF05B2B7415FE00FEBA46 /* WeatherAppApp.swift */; };
		BC2DF0602B7415FE00FEBA46 /* Item.swift in Sources */ = {isa = PBXBuildFile; fileRef = BC2DF05F2B7415FE00FEBA46 /* Item.swift */; };
		BC2DF0622B74160200FEBA46 /* Assets.xcassets in Resources */ = {isa = PBXBuildFile; fileRef = BC2DF0612B74160200FEBA46 /* Assets.xcassets */; };
		BC2DF0652B74160200FEBA46 /* Preview Assets.xcassets in Resources */ = {isa = PBXBuildFile; fileRef = BC2DF0642B74160200FEBA46 /* Preview Assets.xcassets */; };
		BC2DF06D2B7416A400FEBA46 /* GetIconsName.swift in Sources */ = {isa = PBXBuildFile; fileRef = BC2DF06C2B7416A400FEBA46 /* GetIconsName.swift */; };
		BC2DF0702B7416D000FEBA46 /* CityDetailView.swift in Sources */ = {isa = PBXBuildFile; fileRef = BC2DF06F2B7416CF00FEBA46 /* CityDetailView.swift */; };
		BC2DF0722B7416E900FEBA46 /* MainView.swift in Sources */ = {isa = PBXBuildFile; fileRef = BC2DF0712B7416E900FEBA46 /* MainView.swift */; };
		BC2DF0742B74170400FEBA46 /* HourlyWeatherView.swift in Sources */ = {isa = PBXBuildFile; fileRef = BC2DF0732B74170400FEBA46 /* HourlyWeatherView.swift */; };
		BC2DF0772B74172100FEBA46 /* WeatherResponse.swift in Sources */ = {isa = PBXBuildFile; fileRef = BC2DF0762B74172100FEBA46 /* WeatherResponse.swift */; };
		BC2DF0792B74174400FEBA46 /* City.swift in Sources */ = {isa = PBXBuildFile; fileRef = BC2DF0782B74174400FEBA46 /* City.swift */; };
		BC2DF07B2B74176300FEBA46 /* WeatherService.swift in Sources */ = {isa = PBXBuildFile; fileRef = BC2DF07A2B74176300FEBA46 /* WeatherService.swift */; };
		BC2DF07D2B74177D00FEBA46 /* GeocodingService.swift in Sources */ = {isa = PBXBuildFile; fileRef = BC2DF07C2B74177D00FEBA46 /* GeocodingService.swift */; };
		BC2DF0812B7417EB00FEBA46 /* HourlyWeather.swift in Sources */ = {isa = PBXBuildFile; fileRef = BC2DF0802B7417EB00FEBA46 /* HourlyWeather.swift */; };
		BC2DF0832B74181100FEBA46 /* GeocodeResponse.swift in Sources */ = {isa = PBXBuildFile; fileRef = BC2DF0822B74181100FEBA46 /* GeocodeResponse.swift */; };
/* End PBXBuildFile section */

/* Begin PBXFileReference section */
		BC2DF0582B7415FE00FEBA46 /* WeatherApp.app */ = {isa = PBXFileReference; explicitFileType = wrapper.application; includeInIndex = 0; path = WeatherApp.app; sourceTree = BUILT_PRODUCTS_DIR; };
		BC2DF05B2B7415FE00FEBA46 /* WeatherAppApp.swift */ = {isa = PBXFileReference; lastKnownFileType = sourcecode.swift; path = WeatherAppApp.swift; sourceTree = "<group>"; };
		BC2DF05F2B7415FE00FEBA46 /* Item.swift */ = {isa = PBXFileReference; lastKnownFileType = sourcecode.swift; path = Item.swift; sourceTree = "<group>"; };
		BC2DF0612B74160200FEBA46 /* Assets.xcassets */ = {isa = PBXFileReference; lastKnownFileType = folder.assetcatalog; path = Assets.xcassets; sourceTree = "<group>"; };
		BC2DF0642B74160200FEBA46 /* Preview Assets.xcassets */ = {isa = PBXFileReference; lastKnownFileType = folder.assetcatalog; path = "Preview Assets.xcassets"; sourceTree = "<group>"; };
		BC2DF06C2B7416A400FEBA46 /* GetIconsName.swift */ = {isa = PBXFileReference; lastKnownFileType = sourcecode.swift; path = GetIconsName.swift; sourceTree = "<group>"; };
		BC2DF06F2B7416CF00FEBA46 /* CityDetailView.swift */ = {isa = PBXFileReference; lastKnownFileType = sourcecode.swift; path = CityDetailView.swift; sourceTree = "<group>"; };
		BC2DF0712B7416E900FEBA46 /* MainView.swift */ = {isa = PBXFileReference; lastKnownFileType = sourcecode.swift; path = MainView.swift; sourceTree = "<group>"; };
		BC2DF0732B74170400FEBA46 /* HourlyWeatherView.swift */ = {isa = PBXFileReference; lastKnownFileType = sourcecode.swift; path = HourlyWeatherView.swift; sourceTree = "<group>"; };
		BC2DF0762B74172100FEBA46 /* WeatherResponse.swift */ = {isa = PBXFileReference; lastKnownFileType = sourcecode.swift; path = WeatherResponse.swift; sourceTree = "<group>"; };
		BC2DF0782B74174400FEBA46 /* City.swift */ = {isa = PBXFileReference; lastKnownFileType = sourcecode.swift; path = City.swift; sourceTree = "<group>"; };
		BC2DF07A2B74176300FEBA46 /* WeatherService.swift */ = {isa = PBXFileReference; lastKnownFileType = sourcecode.swift; path = WeatherService.swift; sourceTree = "<group>"; };
		BC2DF07C2B74177D00FEBA46 /* GeocodingService.swift */ = {isa = PBXFileReference; lastKnownFileType = sourcecode.swift; path = GeocodingService.swift; sourceTree = "<group>"; };
		BC2DF0802B7417EB00FEBA46 /* HourlyWeather.swift */ = {isa = PBXFileReference; lastKnownFileType = sourcecode.swift; path = HourlyWeather.swift; sourceTree = "<group>"; };
		BC2DF0822B74181100FEBA46 /* GeocodeResponse.swift */ = {isa = PBXFileReference; lastKnownFileType = sourcecode.swift; path = GeocodeResponse.swift; sourceTree = "<group>"; };
/* End PBXFileReference section */

/* Begin PBXFrameworksBuildPhase section */
		BC2DF0552B7415FE00FEBA46 /* Frameworks */ = {
			isa = PBXFrameworksBuildPhase;
			buildActionMask = 2147483647;
			files = (
			);
			runOnlyForDeploymentPostprocessing = 0;
		};
/* End PBXFrameworksBuildPhase section */

/* Begin PBXGroup section */
		BC2DF04F2B7415FE00FEBA46 = {
			isa = PBXGroup;
			children = (
				BC2DF05A2B7415FE00FEBA46 /* WeatherApp */,
				BC2DF0592B7415FE00FEBA46 /* Products */,
			);
			sourceTree = "<group>";
		};
		BC2DF0592B7415FE00FEBA46 /* Products */ = {
			isa = PBXGroup;
			children = (
				BC2DF0582B7415FE00FEBA46 /* WeatherApp.app */,
			);
			name = Products;
			sourceTree = "<group>";
		};
		BC2DF05A2B7415FE00FEBA46 /* WeatherApp */ = {
			isa = PBXGroup;
			children = (
				BC2DF0752B74171100FEBA46 /* Model */,
				BC2DF06E2B7416B600FEBA46 /* View */,
				BC2DF06B2B74168E00FEBA46 /* Utils */,
				BC2DF05B2B7415FE00FEBA46 /* WeatherAppApp.swift */,
				BC2DF05F2B7415FE00FEBA46 /* Item.swift */,
				BC2DF0612B74160200FEBA46 /* Assets.xcassets */,
				BC2DF0632B74160200FEBA46 /* Preview Content */,
			);
			path = WeatherApp;
			sourceTree = "<group>";
		};
		BC2DF0632B74160200FEBA46 /* Preview Content */ = {
			isa = PBXGroup;
			children = (
				BC2DF0642B74160200FEBA46 /* Preview Assets.xcassets */,
			);
			path = "Preview Content";
			sourceTree = "<group>";
		};
		BC2DF06B2B74168E00FEBA46 /* Utils */ = {
			isa = PBXGroup;
			children = (
				BC2DF06C2B7416A400FEBA46 /* GetIconsName.swift */,
			);
			path = Utils;
			sourceTree = "<group>";
		};
		BC2DF06E2B7416B600FEBA46 /* View */ = {
			isa = PBXGroup;
			children = (
				BC2DF06F2B7416CF00FEBA46 /* CityDetailView.swift */,
				BC2DF0712B7416E900FEBA46 /* MainView.swift */,
				BC2DF0732B74170400FEBA46 /* HourlyWeatherView.swift */,
			);
			path = View;
			sourceTree = "<group>";
		};
		BC2DF0752B74171100FEBA46 /* Model */ = {
			isa = PBXGroup;
			children = (
				BC2DF0762B74172100FEBA46 /* WeatherResponse.swift */,
				BC2DF0782B74174400FEBA46 /* City.swift */,
				BC2DF07A2B74176300FEBA46 /* WeatherService.swift */,
				BC2DF07C2B74177D00FEBA46 /* GeocodingService.swift */,
				BC2DF0802B7417EB00FEBA46 /* HourlyWeather.swift */,
				BC2DF0822B74181100FEBA46 /* GeocodeResponse.swift */,
			);
			path = Model;
			sourceTree = "<group>";
		};
/* End PBXGroup section */

/* Begin PBXNativeTarget section */
		BC2DF0572B7415FE00FEBA46 /* WeatherApp */ = {
			isa = PBXNativeTarget;
			buildConfigurationList = BC2DF0682B74160200FEBA46 /* Build configuration list for PBXNativeTarget "WeatherApp" */;
			buildPhases = (
				BC2DF0542B7415FE00FEBA46 /* Sources */,
				BC2DF0552B7415FE00FEBA46 /* Frameworks */,
				BC2DF0562B7415FE00FEBA46 /* Resources */,
			);
			buildRules = (
			);
			dependencies = (
			);
			name = WeatherApp;
			productName = WeatherApp;
			productReference = BC2DF0582B7415FE00FEBA46 /* WeatherApp.app */;
			productType = "com.apple.product-type.application";
		};
/* End PBXNativeTarget section */

/* Begin PBXProject section */
		BC2DF0502B7415FE00FEBA46 /* Project object */ = {
			isa = PBXProject;
			attributes = {
				BuildIndependentTargetsInParallel = 1;
				LastSwiftUpdateCheck = 1520;
				LastUpgradeCheck = 1520;
				TargetAttributes = {
					BC2DF0572B7415FE00FEBA46 = {
						CreatedOnToolsVersion = 15.2;
					};
				};
			};
			buildConfigurationList = BC2DF0532B7415FE00FEBA46 /* Build configuration list for PBXProject "WeatherApp" */;
			compatibilityVersion = "Xcode 14.0";
			developmentRegion = en;
			hasScannedForEncodings = 0;
			knownRegions = (
				en,
				Base,
			);
			mainGroup = BC2DF04F2B7415FE00FEBA46;
			productRefGroup = BC2DF0592B7415FE00FEBA46 /* Products */;
			projectDirPath = "";
			projectRoot = "";
			targets = (
				BC2DF0572B7415FE00FEBA46 /* WeatherApp */,
			);
		};
/* End PBXProject section */

/* Begin PBXResourcesBuildPhase section */
		BC2DF0562B7415FE00FEBA46 /* Resources */ = {
			isa = PBXResourcesBuildPhase;
			buildActionMask = 2147483647;
			files = (
				BC2DF0652B74160200FEBA46 /* Preview Assets.xcassets in Resources */,
				BC2DF0622B74160200FEBA46 /* Assets.xcassets in Resources */,
			);
			runOnlyForDeploymentPostprocessing = 0;
		};
/* End PBXResourcesBuildPhase section */

/* Begin PBXSourcesBuildPhase section */
		BC2DF0542B7415FE00FEBA46 /* Sources */ = {
			isa = PBXSourcesBuildPhase;
			buildActionMask = 2147483647;
			files = (
				BC2DF06D2B7416A400FEBA46 /* GetIconsName.swift in Sources */,
				BC2DF0832B74181100FEBA46 /* GeocodeResponse.swift in Sources */,
				BC2DF07D2B74177D00FEBA46 /* GeocodingService.swift in Sources */,
				BC2DF0812B7417EB00FEBA46 /* HourlyWeather.swift in Sources */,
				BC2DF07B2B74176300FEBA46 /* WeatherService.swift in Sources */,
				BC2DF0602B7415FE00FEBA46 /* Item.swift in Sources */,
				BC2DF0742B74170400FEBA46 /* HourlyWeatherView.swift in Sources */,
				BC2DF0772B74172100FEBA46 /* WeatherResponse.swift in Sources */,
				BC2DF0702B7416D000FEBA46 /* CityDetailView.swift in Sources */,
				BC2DF0722B7416E900FEBA46 /* MainView.swift in Sources */,
				BC2DF0792B74174400FEBA46 /* City.swift in Sources */,
				BC2DF05C2B7415FE00FEBA46 /* WeatherAppApp.swift in Sources */,
			);
			runOnlyForDeploymentPostprocessing = 0;
		};
/* End PBXSourcesBuildPhase section */

/* Begin XCBuildConfiguration section */
		BC2DF0662B74160200FEBA46 /* Debug */ = {
			isa = XCBuildConfiguration;
			buildSettings = {
				ALWAYS_SEARCH_USER_PATHS = NO;
				ASSETCATALOG_COMPILER_GENERATE_SWIFT_ASSET_SYMBOL_EXTENSIONS = YES;
				CLANG_ANALYZER_NONNULL = YES;
				CLANG_ANALYZER_NUMBER_OBJECT_CONVERSION = YES_AGGRESSIVE;
				CLANG_CXX_LANGUAGE_STANDARD = "gnu++20";
				CLANG_ENABLE_MODULES = YES;
				CLANG_ENABLE_OBJC_ARC = YES;
				CLANG_ENABLE_OBJC_WEAK = YES;
				CLANG_WARN_BLOCK_CAPTURE_AUTORELEASING = YES;
				CLANG_WARN_BOOL_CONVERSION = YES;
				CLANG_WARN_COMMA = YES;
				CLANG_WARN_CONSTANT_CONVERSION = YES;
				CLANG_WARN_DEPRECATED_OBJC_IMPLEMENTATIONS = YES;
				CLANG_WARN_DIRECT_OBJC_ISA_USAGE = YES_ERROR;
				CLANG_WARN_DOCUMENTATION_COMMENTS = YES;
				CLANG_WARN_EMPTY_BODY = YES;
				CLANG_WARN_ENUM_CONVERSION = YES;
				CLANG_WARN_INFINITE_RECURSION = YES;
				CLANG_WARN_INT_CONVERSION = YES;
				CLANG_WARN_NON_LITERAL_NULL_CONVERSION = YES;
				CLANG_WARN_OBJC_IMPLICIT_RETAIN_SELF = YES;
				CLANG_WARN_OBJC_LITERAL_CONVERSION = YES;
				CLANG_WARN_OBJC_ROOT_CLASS = YES_ERROR;
				CLANG_WARN_QUOTED_INCLUDE_IN_FRAMEWORK_HEADER = YES;
				CLANG_WARN_RANGE_LOOP_ANALYSIS = YES;
				CLANG_WARN_STRICT_PROTOTYPES = YES;
				CLANG_WARN_SUSPICIOUS_MOVE = YES;
				CLANG_WARN_UNGUARDED_AVAILABILITY = YES_AGGRESSIVE;
				CLANG_WARN_UNREACHABLE_CODE = YES;
				CLANG_WARN__DUPLICATE_METHOD_MATCH = YES;
				COPY_PHASE_STRIP = NO;
				DEBUG_INFORMATION_FORMAT = dwarf;
				ENABLE_STRICT_OBJC_MSGSEND = YES;
				ENABLE_TESTABILITY = YES;
				ENABLE_USER_SCRIPT_SANDBOXING = YES;
				GCC_C_LANGUAGE_STANDARD = gnu17;
				GCC_DYNAMIC_NO_PIC = NO;
				GCC_NO_COMMON_BLOCKS = YES;
				GCC_OPTIMIZATION_LEVEL = 0;
				GCC_PREPROCESSOR_DEFINITIONS = (
					"DEBUG=1",
					"$(inherited)",
				);
				GCC_WARN_64_TO_32_BIT_CONVERSION = YES;
				GCC_WARN_ABOUT_RETURN_TYPE = YES_ERROR;
				GCC_WARN_UNDECLARED_SELECTOR = YES;
				GCC_WARN_UNINITIALIZED_AUTOS = YES_AGGRESSIVE;
				GCC_WARN_UNUSED_FUNCTION = YES;
				GCC_WARN_UNUSED_VARIABLE = YES;
				IPHONEOS_DEPLOYMENT_TARGET = 17.2;
				LOCALIZATION_PREFERS_STRING_CATALOGS = YES;
				MTL_ENABLE_DEBUG_INFO = INCLUDE_SOURCE;
				MTL_FAST_MATH = YES;
				ONLY_ACTIVE_ARCH = YES;
				SDKROOT = iphoneos;
				SWIFT_ACTIVE_COMPILATION_CONDITIONS = "DEBUG $(inherited)";
				SWIFT_OPTIMIZATION_LEVEL = "-Onone";
			};
			name = Debug;
		};
		BC2DF0672B74160200FEBA46 /* Release */ = {
			isa = XCBuildConfiguration;
			buildSettings = {
				ALWAYS_SEARCH_USER_PATHS = NO;
				ASSETCATALOG_COMPILER_GENERATE_SWIFT_ASSET_SYMBOL_EXTENSIONS = YES;
				CLANG_ANALYZER_NONNULL = YES;
				CLANG_ANALYZER_NUMBER_OBJECT_CONVERSION = YES_AGGRESSIVE;
				CLANG_CXX_LANGUAGE_STANDARD = "gnu++20";
				CLANG_ENABLE_MODULES = YES;
				CLANG_ENABLE_OBJC_ARC = YES;
				CLANG_ENABLE_OBJC_WEAK = YES;
				CLANG_WARN_BLOCK_CAPTURE_AUTORELEASING = YES;
				CLANG_WARN_BOOL_CONVERSION = YES;
				CLANG_WARN_COMMA = YES;
				CLANG_WARN_CONSTANT_CONVERSION = YES;
				CLANG_WARN_DEPRECATED_OBJC_IMPLEMENTATIONS = YES;
				CLANG_WARN_DIRECT_OBJC_ISA_USAGE = YES_ERROR;
				CLANG_WARN_DOCUMENTATION_COMMENTS = YES;
				CLANG_WARN_EMPTY_BODY = YES;
				CLANG_WARN_ENUM_CONVERSION = YES;
				CLANG_WARN_INFINITE_RECURSION = YES;
				CLANG_WARN_INT_CONVERSION = YES;
				CLANG_WARN_NON_LITERAL_NULL_CONVERSION = YES;
				CLANG_WARN_OBJC_IMPLICIT_RETAIN_SELF = YES;
				CLANG_WARN_OBJC_LITERAL_CONVERSION = YES;
				CLANG_WARN_OBJC_ROOT_CLASS = YES_ERROR;
				CLANG_WARN_QUOTED_INCLUDE_IN_FRAMEWORK_HEADER = YES;
				CLANG_WARN_RANGE_LOOP_ANALYSIS = YES;
				CLANG_WARN_STRICT_PROTOTYPES = YES;
				CLANG_WARN_SUSPICIOUS_MOVE = YES;
				CLANG_WARN_UNGUARDED_AVAILABILITY = YES_AGGRESSIVE;
				CLANG_WARN_UNREACHABLE_CODE = YES;
				CLANG_WARN__DUPLICATE_METHOD_MATCH = YES;
				COPY_PHASE_STRIP = NO;
				DEBUG_INFORMATION_FORMAT = "dwarf-with-dsym";
				ENABLE_NS_ASSERTIONS = NO;
				ENABLE_STRICT_OBJC_MSGSEND = YES;
				ENABLE_USER_SCRIPT_SANDBOXING = YES;
				GCC_C_LANGUAGE_STANDARD = gnu17;
				GCC_NO_COMMON_BLOCKS = YES;
				GCC_WARN_64_TO_32_BIT_CONVERSION = YES;
				GCC_WARN_ABOUT_RETURN_TYPE = YES_ERROR;
				GCC_WARN_UNDECLARED_SELECTOR = YES;
				GCC_WARN_UNINITIALIZED_AUTOS = YES_AGGRESSIVE;
				GCC_WARN_UNUSED_FUNCTION = YES;
				GCC_WARN_UNUSED_VARIABLE = YES;
				IPHONEOS_DEPLOYMENT_TARGET = 17.2;
				LOCALIZATION_PREFERS_STRING_CATALOGS = YES;
				MTL_ENABLE_DEBUG_INFO = NO;
				MTL_FAST_MATH = YES;
				SDKROOT = iphoneos;
				SWIFT_COMPILATION_MODE = wholemodule;
				VALIDATE_PRODUCT = YES;
			};
			name = Release;
		};
		BC2DF0692B74160200FEBA46 /* Debug */ = {
			isa = XCBuildConfiguration;
			buildSettings = {
				ASSETCATALOG_COMPILER_APPICON_NAME = AppIcon;
				ASSETCATALOG_COMPILER_GLOBAL_ACCENT_COLOR_NAME = AccentColor;
				CODE_SIGN_STYLE = Automatic;
				CURRENT_PROJECT_VERSION = 1;
				DEVELOPMENT_ASSET_PATHS = "\"WeatherApp/Preview Content\"";
				DEVELOPMENT_TEAM = 4R7372G23V;
				ENABLE_PREVIEWS = YES;
				GENERATE_INFOPLIST_FILE = YES;
				INFOPLIST_KEY_UIApplicationSceneManifest_Generation = YES;
				INFOPLIST_KEY_UIApplicationSupportsIndirectInputEvents = YES;
				INFOPLIST_KEY_UILaunchScreen_Generation = YES;
				INFOPLIST_KEY_UISupportedInterfaceOrientations_iPad = "UIInterfaceOrientationPortrait UIInterfaceOrientationPortraitUpsideDown UIInterfaceOrientationLandscapeLeft UIInterfaceOrientationLandscapeRight";
				INFOPLIST_KEY_UISupportedInterfaceOrientations_iPhone = "UIInterfaceOrientationPortrait UIInterfaceOrientationLandscapeLeft UIInterfaceOrientationLandscapeRight";
				IPHONEOS_DEPLOYMENT_TARGET = 17.0;
				LD_RUNPATH_SEARCH_PATHS = (
					"$(inherited)",
					"@executable_path/Frameworks",
				);
				MARKETING_VERSION = 1.0;
				PRODUCT_BUNDLE_IDENTIFIER = com.ensisa.WeatherApp;
				PRODUCT_NAME = "$(TARGET_NAME)";
				SWIFT_EMIT_LOC_STRINGS = YES;
				SWIFT_VERSION = 5.0;
				TARGETED_DEVICE_FAMILY = "1,2";
			};
			name = Debug;
		};
		BC2DF06A2B74160200FEBA46 /* Release */ = {
			isa = XCBuildConfiguration;
			buildSettings = {
				ASSETCATALOG_COMPILER_APPICON_NAME = AppIcon;
				ASSETCATALOG_COMPILER_GLOBAL_ACCENT_COLOR_NAME = AccentColor;
				CODE_SIGN_STYLE = Automatic;
				CURRENT_PROJECT_VERSION = 1;
				DEVELOPMENT_ASSET_PATHS = "\"WeatherApp/Preview Content\"";
				DEVELOPMENT_TEAM = 4R7372G23V;
				ENABLE_PREVIEWS = YES;
				GENERATE_INFOPLIST_FILE = YES;
				INFOPLIST_KEY_UIApplicationSceneManifest_Generation = YES;
				INFOPLIST_KEY_UIApplicationSupportsIndirectInputEvents = YES;
				INFOPLIST_KEY_UILaunchScreen_Generation = YES;
				INFOPLIST_KEY_UISupportedInterfaceOrientations_iPad = "UIInterfaceOrientationPortrait UIInterfaceOrientationPortraitUpsideDown UIInterfaceOrientationLandscapeLeft UIInterfaceOrientationLandscapeRight";
				INFOPLIST_KEY_UISupportedInterfaceOrientations_iPhone = "UIInterfaceOrientationPortrait UIInterfaceOrientationLandscapeLeft UIInterfaceOrientationLandscapeRight";
				IPHONEOS_DEPLOYMENT_TARGET = 17.0;
				LD_RUNPATH_SEARCH_PATHS = (
					"$(inherited)",
					"@executable_path/Frameworks",
				);
				MARKETING_VERSION = 1.0;
				PRODUCT_BUNDLE_IDENTIFIER = com.ensisa.WeatherApp;
				PRODUCT_NAME = "$(TARGET_NAME)";
				SWIFT_EMIT_LOC_STRINGS = YES;
				SWIFT_VERSION = 5.0;
				TARGETED_DEVICE_FAMILY = "1,2";
			};
			name = Release;
		};
/* End XCBuildConfiguration section */

/* Begin XCConfigurationList section */
		BC2DF0532B7415FE00FEBA46 /* Build configuration list for PBXProject "WeatherApp" */ = {
			isa = XCConfigurationList;
			buildConfigurations = (
				BC2DF0662B74160200FEBA46 /* Debug */,
				BC2DF0672B74160200FEBA46 /* Release */,
			);
			defaultConfigurationIsVisible = 0;
			defaultConfigurationName = Release;
		};
		BC2DF0682B74160200FEBA46 /* Build configuration list for PBXNativeTarget "WeatherApp" */ = {
			isa = XCConfigurationList;
			buildConfigurations = (
				BC2DF0692B74160200FEBA46 /* Debug */,
				BC2DF06A2B74160200FEBA46 /* Release */,
			);
			defaultConfigurationIsVisible = 0;
			defaultConfigurationName = Release;
		};
/* End XCConfigurationList section */
	};
	rootObject = BC2DF0502B7415FE00FEBA46 /* Project object */;
}
